// !$*UTF8*$!
{
	archiveVersion = 1;
	classes = {
	};
	objectVersion = 55;
	objects = {

/* Begin PBXBuildFile section */
		620577D3F820CFC3A8605EED /* Pods_PlaceToEat.framework in Frameworks */ = {isa = PBXBuildFile; fileRef = AA4EF455E8AEA95127CB6BC9 /* Pods_PlaceToEat.framework */; };
		861260842892F65700F6FAA4 /* NewPlaceViewController.swift in Sources */ = {isa = PBXBuildFile; fileRef = 861260832892F65700F6FAA4 /* NewPlaceViewController.swift */; };
		863DA9AA2893D47C00783A34 /* storageManager.swift in Sources */ = {isa = PBXBuildFile; fileRef = 863DA9A92893D47C00783A34 /* storageManager.swift */; };
		8677145F2891301500F1DA5A /* CustomTableViewCell.swift in Sources */ = {isa = PBXBuildFile; fileRef = 8677145E2891301500F1DA5A /* CustomTableViewCell.swift */; };
		867714612891346200F1DA5A /* PlaceModel.swift in Sources */ = {isa = PBXBuildFile; fileRef = 867714602891346200F1DA5A /* PlaceModel.swift */; };
		86DAC1B0289121C70074A526 /* AppDelegate.swift in Sources */ = {isa = PBXBuildFile; fileRef = 86DAC1AF289121C70074A526 /* AppDelegate.swift */; };
		86DAC1B2289121C70074A526 /* SceneDelegate.swift in Sources */ = {isa = PBXBuildFile; fileRef = 86DAC1B1289121C70074A526 /* SceneDelegate.swift */; };
		86DAC1B7289121C70074A526 /* Main.storyboard in Resources */ = {isa = PBXBuildFile; fileRef = 86DAC1B5289121C70074A526 /* Main.storyboard */; };
		86DAC1B9289121C80074A526 /* Assets.xcassets in Resources */ = {isa = PBXBuildFile; fileRef = 86DAC1B8289121C80074A526 /* Assets.xcassets */; };
		86DAC1BC289121C80074A526 /* LaunchScreen.storyboard in Resources */ = {isa = PBXBuildFile; fileRef = 86DAC1BA289121C80074A526 /* LaunchScreen.storyboard */; };
		86DAC1C4289122A90074A526 /* MainViewController.swift in Sources */ = {isa = PBXBuildFile; fileRef = 86DAC1C3289122A90074A526 /* MainViewController.swift */; };
		86DD0CC228981F6200AE1293 /* RationgControl.swift in Sources */ = {isa = PBXBuildFile; fileRef = 86DD0CC128981F6200AE1293 /* RationgControl.swift */; };
/* End PBXBuildFile section */

/* Begin PBXFileReference section */
		1FB9D05DDF3F4786D6BF6DA4 /* Pods-PlaceToEat.debug.xcconfig */ = {isa = PBXFileReference; includeInIndex = 1; lastKnownFileType = text.xcconfig; name = "Pods-PlaceToEat.debug.xcconfig"; path = "Target Support Files/Pods-PlaceToEat/Pods-PlaceToEat.debug.xcconfig"; sourceTree = "<group>"; };
		6F58EB32C0F65FE6EE300CF7 /* Pods-PlaceToEat.release.xcconfig */ = {isa = PBXFileReference; includeInIndex = 1; lastKnownFileType = text.xcconfig; name = "Pods-PlaceToEat.release.xcconfig"; path = "Target Support Files/Pods-PlaceToEat/Pods-PlaceToEat.release.xcconfig"; sourceTree = "<group>"; };
		861260832892F65700F6FAA4 /* NewPlaceViewController.swift */ = {isa = PBXFileReference; lastKnownFileType = sourcecode.swift; path = NewPlaceViewController.swift; sourceTree = "<group>"; };
		863DA9A92893D47C00783A34 /* storageManager.swift */ = {isa = PBXFileReference; lastKnownFileType = sourcecode.swift; path = storageManager.swift; sourceTree = "<group>"; };
		8677145E2891301500F1DA5A /* CustomTableViewCell.swift */ = {isa = PBXFileReference; lastKnownFileType = sourcecode.swift; path = CustomTableViewCell.swift; sourceTree = "<group>"; };
		867714602891346200F1DA5A /* PlaceModel.swift */ = {isa = PBXFileReference; lastKnownFileType = sourcecode.swift; path = PlaceModel.swift; sourceTree = "<group>"; };
		86DAC1AC289121C70074A526 /* PlaceToEat.app */ = {isa = PBXFileReference; explicitFileType = wrapper.application; includeInIndex = 0; path = PlaceToEat.app; sourceTree = BUILT_PRODUCTS_DIR; };
		86DAC1AF289121C70074A526 /* AppDelegate.swift */ = {isa = PBXFileReference; lastKnownFileType = sourcecode.swift; path = AppDelegate.swift; sourceTree = "<group>"; };
		86DAC1B1289121C70074A526 /* SceneDelegate.swift */ = {isa = PBXFileReference; lastKnownFileType = sourcecode.swift; path = SceneDelegate.swift; sourceTree = "<group>"; };
		86DAC1B6289121C70074A526 /* Base */ = {isa = PBXFileReference; lastKnownFileType = file.storyboard; name = Base; path = Base.lproj/Main.storyboard; sourceTree = "<group>"; };
		86DAC1B8289121C80074A526 /* Assets.xcassets */ = {isa = PBXFileReference; lastKnownFileType = folder.assetcatalog; path = Assets.xcassets; sourceTree = "<group>"; };
		86DAC1BB289121C80074A526 /* Base */ = {isa = PBXFileReference; lastKnownFileType = file.storyboard; name = Base; path = Base.lproj/LaunchScreen.storyboard; sourceTree = "<group>"; };
		86DAC1BD289121C80074A526 /* Info.plist */ = {isa = PBXFileReference; lastKnownFileType = text.plist.xml; path = Info.plist; sourceTree = "<group>"; };
		86DAC1C3289122A90074A526 /* MainViewController.swift */ = {isa = PBXFileReference; lastKnownFileType = sourcecode.swift; path = MainViewController.swift; sourceTree = "<group>"; };
		86DD0CC128981F6200AE1293 /* RationgControl.swift */ = {isa = PBXFileReference; lastKnownFileType = sourcecode.swift; path = RationgControl.swift; sourceTree = "<group>"; };
		AA4EF455E8AEA95127CB6BC9 /* Pods_PlaceToEat.framework */ = {isa = PBXFileReference; explicitFileType = wrapper.framework; includeInIndex = 0; path = Pods_PlaceToEat.framework; sourceTree = BUILT_PRODUCTS_DIR; };
/* End PBXFileReference section */

/* Begin PBXFrameworksBuildPhase section */
		86DAC1A9289121C70074A526 /* Frameworks */ = {
			isa = PBXFrameworksBuildPhase;
			buildActionMask = 2147483647;
			files = (
				620577D3F820CFC3A8605EED /* Pods_PlaceToEat.framework in Frameworks */,
			);
			runOnlyForDeploymentPostprocessing = 0;
		};
/* End PBXFrameworksBuildPhase section */

/* Begin PBXGroup section */
		48C06CB4E082986FF9FA07B1 /* Pods */ = {
			isa = PBXGroup;
			children = (
				1FB9D05DDF3F4786D6BF6DA4 /* Pods-PlaceToEat.debug.xcconfig */,
				6F58EB32C0F65FE6EE300CF7 /* Pods-PlaceToEat.release.xcconfig */,
			);
			path = Pods;
			sourceTree = "<group>";
		};
		86DAC1A3289121C70074A526 = {
			isa = PBXGroup;
			children = (
				86DAC1AE289121C70074A526 /* PlaceToEat */,
				86DAC1AD289121C70074A526 /* Products */,
				48C06CB4E082986FF9FA07B1 /* Pods */,
				9CA8C45FF60D23C9A42C77C4 /* Frameworks */,
			);
			sourceTree = "<group>";
		};
		86DAC1AD289121C70074A526 /* Products */ = {
			isa = PBXGroup;
			children = (
				86DAC1AC289121C70074A526 /* PlaceToEat.app */,
			);
			name = Products;
			sourceTree = "<group>";
		};
		86DAC1AE289121C70074A526 /* PlaceToEat */ = {
			isa = PBXGroup;
			children = (
				86DD0CC128981F6200AE1293 /* RationgControl.swift */,
				863DA9A92893D47C00783A34 /* storageManager.swift */,
				861260832892F65700F6FAA4 /* NewPlaceViewController.swift */,
				86DAC1AF289121C70074A526 /* AppDelegate.swift */,
				86DAC1B1289121C70074A526 /* SceneDelegate.swift */,
				86DAC1C3289122A90074A526 /* MainViewController.swift */,
				8677145E2891301500F1DA5A /* CustomTableViewCell.swift */,
				867714602891346200F1DA5A /* PlaceModel.swift */,
				86DAC1B5289121C70074A526 /* Main.storyboard */,
				86DAC1B8289121C80074A526 /* Assets.xcassets */,
				86DAC1BA289121C80074A526 /* LaunchScreen.storyboard */,
				86DAC1BD289121C80074A526 /* Info.plist */,
			);
			path = PlaceToEat;
			sourceTree = "<group>";
		};
		9CA8C45FF60D23C9A42C77C4 /* Frameworks */ = {
			isa = PBXGroup;
			children = (
				AA4EF455E8AEA95127CB6BC9 /* Pods_PlaceToEat.framework */,
			);
			name = Frameworks;
			sourceTree = "<group>";
		};
/* End PBXGroup section */

/* Begin PBXNativeTarget section */
		86DAC1AB289121C70074A526 /* PlaceToEat */ = {
			isa = PBXNativeTarget;
			buildConfigurationList = 86DAC1C0289121C80074A526 /* Build configuration list for PBXNativeTarget "PlaceToEat" */;
			buildPhases = (
				E106F3D687F09001D5AC479B /* [CP] Check Pods Manifest.lock */,
				86DAC1A8289121C70074A526 /* Sources */,
				86DAC1A9289121C70074A526 /* Frameworks */,
				86DAC1AA289121C70074A526 /* Resources */,
				AB5F8615107657B83B4F0159 /* [CP] Embed Pods Frameworks */,
			);
			buildRules = (
			);
			dependencies = (
			);
			name = PlaceToEat;
			productName = PlaceToEat;
			productReference = 86DAC1AC289121C70074A526 /* PlaceToEat.app */;
			productType = "com.apple.product-type.application";
		};
/* End PBXNativeTarget section */

/* Begin PBXProject section */
		86DAC1A4289121C70074A526 /* Project object */ = {
			isa = PBXProject;
			attributes = {
				BuildIndependentTargetsInParallel = 1;
				LastSwiftUpdateCheck = 1330;
				LastUpgradeCheck = 1330;
				TargetAttributes = {
					86DAC1AB289121C70074A526 = {
						CreatedOnToolsVersion = 13.3.1;
					};
				};
			};
			buildConfigurationList = 86DAC1A7289121C70074A526 /* Build configuration list for PBXProject "PlaceToEat" */;
			compatibilityVersion = "Xcode 13.0";
			developmentRegion = en;
			hasScannedForEncodings = 0;
			knownRegions = (
				en,
				Base,
			);
			mainGroup = 86DAC1A3289121C70074A526;
			productRefGroup = 86DAC1AD289121C70074A526 /* Products */;
			projectDirPath = "";
			projectRoot = "";
			targets = (
				86DAC1AB289121C70074A526 /* PlaceToEat */,
			);
		};
/* End PBXProject section */

/* Begin PBXResourcesBuildPhase section */
		86DAC1AA289121C70074A526 /* Resources */ = {
			isa = PBXResourcesBuildPhase;
			buildActionMask = 2147483647;
			files = (
				86DAC1BC289121C80074A526 /* LaunchScreen.storyboard in Resources */,
				86DAC1B9289121C80074A526 /* Assets.xcassets in Resources */,
				86DAC1B7289121C70074A526 /* Main.storyboard in Resources */,
			);
			runOnlyForDeploymentPostprocessing = 0;
		};
/* End PBXResourcesBuildPhase section */

/* Begin PBXShellScriptBuildPhase section */
		AB5F8615107657B83B4F0159 /* [CP] Embed Pods Frameworks */ = {
			isa = PBXShellScriptBuildPhase;
			buildActionMask = 2147483647;
			files = (
			);
			inputFileListPaths = (
				"${PODS_ROOT}/Target Support Files/Pods-PlaceToEat/Pods-PlaceToEat-frameworks-${CONFIGURATION}-input-files.xcfilelist",
			);
			name = "[CP] Embed Pods Frameworks";
			outputFileListPaths = (
				"${PODS_ROOT}/Target Support Files/Pods-PlaceToEat/Pods-PlaceToEat-frameworks-${CONFIGURATION}-output-files.xcfilelist",
			);
			runOnlyForDeploymentPostprocessing = 0;
			shellPath = /bin/sh;
			shellScript = "\"${PODS_ROOT}/Target Support Files/Pods-PlaceToEat/Pods-PlaceToEat-frameworks.sh\"\n";
			showEnvVarsInLog = 0;
		};
		E106F3D687F09001D5AC479B /* [CP] Check Pods Manifest.lock */ = {
			isa = PBXShellScriptBuildPhase;
			buildActionMask = 2147483647;
			files = (
			);
			inputFileListPaths = (
			);
			inputPaths = (
				"${PODS_PODFILE_DIR_PATH}/Podfile.lock",
				"${PODS_ROOT}/Manifest.lock",
			);
			name = "[CP] Check Pods Manifest.lock";
			outputFileListPaths = (
			);
			outputPaths = (
				"$(DERIVED_FILE_DIR)/Pods-PlaceToEat-checkManifestLockResult.txt",
			);
			runOnlyForDeploymentPostprocessing = 0;
			shellPath = /bin/sh;
			shellScript = "diff \"${PODS_PODFILE_DIR_PATH}/Podfile.lock\" \"${PODS_ROOT}/Manifest.lock\" > /dev/null\nif [ $? != 0 ] ; then\n    # print error to STDERR\n    echo \"error: The sandbox is not in sync with the Podfile.lock. Run 'pod install' or update your CocoaPods installation.\" >&2\n    exit 1\nfi\n# This output is used by Xcode 'outputs' to avoid re-running this script phase.\necho \"SUCCESS\" > \"${SCRIPT_OUTPUT_FILE_0}\"\n";
			showEnvVarsInLog = 0;
		};
/* End PBXShellScriptBuildPhase section */

/* Begin PBXSourcesBuildPhase section */
		86DAC1A8289121C70074A526 /* Sources */ = {
			isa = PBXSourcesBuildPhase;
			buildActionMask = 2147483647;
			files = (
				86DAC1B0289121C70074A526 /* AppDelegate.swift in Sources */,
				861260842892F65700F6FAA4 /* NewPlaceViewController.swift in Sources */,
				86DAC1B2289121C70074A526 /* SceneDelegate.swift in Sources */,
				867714612891346200F1DA5A /* PlaceModel.swift in Sources */,
				86DD0CC228981F6200AE1293 /* RationgControl.swift in Sources */,
				8677145F2891301500F1DA5A /* CustomTableViewCell.swift in Sources */,
				86DAC1C4289122A90074A526 /* MainViewController.swift in Sources */,
				863DA9AA2893D47C00783A34 /* storageManager.swift in Sources */,
			);
			runOnlyForDeploymentPostprocessing = 0;
		};
/* End PBXSourcesBuildPhase section */

/* Begin PBXVariantGroup section */
		86DAC1B5289121C70074A526 /* Main.storyboard */ = {
			isa = PBXVariantGroup;
			children = (
				86DAC1B6289121C70074A526 /* Base */,
			);
			name = Main.storyboard;
			sourceTree = "<group>";
		};
		86DAC1BA289121C80074A526 /* LaunchScreen.storyboard */ = {
			isa = PBXVariantGroup;
			children = (
				86DAC1BB289121C80074A526 /* Base */,
			);
			name = LaunchScreen.storyboard;
			sourceTree = "<group>";
		};
/* End PBXVariantGroup section */

/* Begin XCBuildConfiguration section */
		86DAC1BE289121C80074A526 /* Debug */ = {
			isa = XCBuildConfiguration;
			buildSettings = {
				ALWAYS_SEARCH_USER_PATHS = NO;
				CLANG_ANALYZER_NONNULL = YES;
				CLANG_ANALYZER_NUMBER_OBJECT_CONVERSION = YES_AGGRESSIVE;
				CLANG_CXX_LANGUAGE_STANDARD = "gnu++17";
				CLANG_ENABLE_MODULES = YES;
				CLANG_ENABLE_OBJC_ARC = YES;
				CLANG_ENABLE_OBJC_WEAK = YES;
				CLANG_WARN_BLOCK_CAPTURE_AUTORELEASING = YES;
				CLANG_WARN_BOOL_CONVERSION = YES;
				CLANG_WARN_COMMA = YES;
				CLANG_WARN_CONSTANT_CONVERSION = YES;
				CLANG_WARN_DEPRECATED_OBJC_IMPLEMENTATIONS = YES;
				CLANG_WARN_DIRECT_OBJC_ISA_USAGE = YES_ERROR;
				CLANG_WARN_DOCUMENTATION_COMMENTS = YES;
				CLANG_WARN_EMPTY_BODY = YES;
				CLANG_WARN_ENUM_CONVERSION = YES;
				CLANG_WARN_INFINITE_RECURSION = YES;
				CLANG_WARN_INT_CONVERSION = YES;
				CLANG_WARN_NON_LITERAL_NULL_CONVERSION = YES;
				CLANG_WARN_OBJC_IMPLICIT_RETAIN_SELF = YES;
				CLANG_WARN_OBJC_LITERAL_CONVERSION = YES;
				CLANG_WARN_OBJC_ROOT_CLASS = YES_ERROR;
				CLANG_WARN_QUOTED_INCLUDE_IN_FRAMEWORK_HEADER = YES;
				CLANG_WARN_RANGE_LOOP_ANALYSIS = YES;
				CLANG_WARN_STRICT_PROTOTYPES = YES;
				CLANG_WARN_SUSPICIOUS_MOVE = YES;
				CLANG_WARN_UNGUARDED_AVAILABILITY = YES_AGGRESSIVE;
				CLANG_WARN_UNREACHABLE_CODE = YES;
				CLANG_WARN__DUPLICATE_METHOD_MATCH = YES;
				COPY_PHASE_STRIP = NO;
				DEBUG_INFORMATION_FORMAT = dwarf;
				ENABLE_STRICT_OBJC_MSGSEND = YES;
				ENABLE_TESTABILITY = YES;
				GCC_C_LANGUAGE_STANDARD = gnu11;
				GCC_DYNAMIC_NO_PIC = NO;
				GCC_NO_COMMON_BLOCKS = YES;
				GCC_OPTIMIZATION_LEVEL = 0;
				GCC_PREPROCESSOR_DEFINITIONS = (
					"DEBUG=1",
					"$(inherited)",
				);
				GCC_WARN_64_TO_32_BIT_CONVERSION = YES;
				GCC_WARN_ABOUT_RETURN_TYPE = YES_ERROR;
				GCC_WARN_UNDECLARED_SELECTOR = YES;
				GCC_WARN_UNINITIALIZED_AUTOS = YES_AGGRESSIVE;
				GCC_WARN_UNUSED_FUNCTION = YES;
				GCC_WARN_UNUSED_VARIABLE = YES;
				IPHONEOS_DEPLOYMENT_TARGET = 15.4;
				MTL_ENABLE_DEBUG_INFO = INCLUDE_SOURCE;
				MTL_FAST_MATH = YES;
				ONLY_ACTIVE_ARCH = YES;
				SDKROOT = iphoneos;
				SWIFT_ACTIVE_COMPILATION_CONDITIONS = DEBUG;
				SWIFT_OPTIMIZATION_LEVEL = "-Onone";
			};
			name = Debug;
		};
		86DAC1BF289121C80074A526 /* Release */ = {
			isa = XCBuildConfiguration;
			buildSettings = {
				ALWAYS_SEARCH_USER_PATHS = NO;
				CLANG_ANALYZER_NONNULL = YES;
				CLANG_ANALYZER_NUMBER_OBJECT_CONVERSION = YES_AGGRESSIVE;
				CLANG_CXX_LANGUAGE_STANDARD = "gnu++17";
				CLANG_ENABLE_MODULES = YES;
				CLANG_ENABLE_OBJC_ARC = YES;
				CLANG_ENABLE_OBJC_WEAK = YES;
				CLANG_WARN_BLOCK_CAPTURE_AUTORELEASING = YES;
				CLANG_WARN_BOOL_CONVERSION = YES;
				CLANG_WARN_COMMA = YES;
				CLANG_WARN_CONSTANT_CONVERSION = YES;
				CLANG_WARN_DEPRECATED_OBJC_IMPLEMENTATIONS = YES;
				CLANG_WARN_DIRECT_OBJC_ISA_USAGE = YES_ERROR;
				CLANG_WARN_DOCUMENTATION_COMMENTS = YES;
				CLANG_WARN_EMPTY_BODY = YES;
				CLANG_WARN_ENUM_CONVERSION = YES;
				CLANG_WARN_INFINITE_RECURSION = YES;
				CLANG_WARN_INT_CONVERSION = YES;
				CLANG_WARN_NON_LITERAL_NULL_CONVERSION = YES;
				CLANG_WARN_OBJC_IMPLICIT_RETAIN_SELF = YES;
				CLANG_WARN_OBJC_LITERAL_CONVERSION = YES;
				CLANG_WARN_OBJC_ROOT_CLASS = YES_ERROR;
				CLANG_WARN_QUOTED_INCLUDE_IN_FRAMEWORK_HEADER = YES;
				CLANG_WARN_RANGE_LOOP_ANALYSIS = YES;
				CLANG_WARN_STRICT_PROTOTYPES = YES;
				CLANG_WARN_SUSPICIOUS_MOVE = YES;
				CLANG_WARN_UNGUARDED_AVAILABILITY = YES_AGGRESSIVE;
				CLANG_WARN_UNREACHABLE_CODE = YES;
				CLANG_WARN__DUPLICATE_METHOD_MATCH = YES;
				COPY_PHASE_STRIP = NO;
				DEBUG_INFORMATION_FORMAT = "dwarf-with-dsym";
				ENABLE_NS_ASSERTIONS = NO;
				ENABLE_STRICT_OBJC_MSGSEND = YES;
				GCC_C_LANGUAGE_STANDARD = gnu11;
				GCC_NO_COMMON_BLOCKS = YES;
				GCC_WARN_64_TO_32_BIT_CONVERSION = YES;
				GCC_WARN_ABOUT_RETURN_TYPE = YES_ERROR;
				GCC_WARN_UNDECLARED_SELECTOR = YES;
				GCC_WARN_UNINITIALIZED_AUTOS = YES_AGGRESSIVE;
				GCC_WARN_UNUSED_FUNCTION = YES;
				GCC_WARN_UNUSED_VARIABLE = YES;
				IPHONEOS_DEPLOYMENT_TARGET = 15.4;
				MTL_ENABLE_DEBUG_INFO = NO;
				MTL_FAST_MATH = YES;
				SDKROOT = iphoneos;
				SWIFT_COMPILATION_MODE = wholemodule;
				SWIFT_OPTIMIZATION_LEVEL = "-O";
				VALIDATE_PRODUCT = YES;
			};
			name = Release;
		};
		86DAC1C1289121C80074A526 /* Debug */ = {
			isa = XCBuildConfiguration;
			baseConfigurationReference = 1FB9D05DDF3F4786D6BF6DA4 /* Pods-PlaceToEat.debug.xcconfig */;
			buildSettings = {
				ASSETCATALOG_COMPILER_APPICON_NAME = AppIcon;
				ASSETCATALOG_COMPILER_GLOBAL_ACCENT_COLOR_NAME = AccentColor;
				CODE_SIGN_STYLE = Automatic;
				CURRENT_PROJECT_VERSION = 1;
				DEVELOPMENT_TEAM = 59WWFG63NN;
				GENERATE_INFOPLIST_FILE = YES;
				INFOPLIST_FILE = PlaceToEat/Info.plist;
				INFOPLIST_KEY_UIApplicationSupportsIndirectInputEvents = YES;
				INFOPLIST_KEY_UILaunchStoryboardName = LaunchScreen;
				INFOPLIST_KEY_UIMainStoryboardFile = Main;
				INFOPLIST_KEY_UISupportedInterfaceOrientations = UIInterfaceOrientationPortrait;
				INFOPLIST_KEY_UISupportedInterfaceOrientations_iPad = "UIInterfaceOrientationPortrait UIInterfaceOrientationPortraitUpsideDown UIInterfaceOrientationLandscapeLeft UIInterfaceOrientationLandscapeRight";
				INFOPLIST_KEY_UISupportedInterfaceOrientations_iPhone = "UIInterfaceOrientationPortrait UIInterfaceOrientationLandscapeLeft UIInterfaceOrientationLandscapeRight";
				IPHONEOS_DEPLOYMENT_TARGET = 14.2;
				LD_RUNPATH_SEARCH_PATHS = (
					"$(inherited)",
					"@executable_path/Frameworks",
				);
				MARKETING_VERSION = 1.0;
				PRODUCT_BUNDLE_IDENTIFIER = ART.PlaceToEat;
				PRODUCT_NAME = "$(TARGET_NAME)";
				SWIFT_EMIT_LOC_STRINGS = YES;
				SWIFT_VERSION = 5.0;
				TARGETED_DEVICE_FAMILY = 1;
			};
			name = Debug;
		};
		86DAC1C2289121C80074A526 /* Release */ = {
			isa = XCBuildConfiguration;
			baseConfigurationReference = 6F58EB32C0F65FE6EE300CF7 /* Pods-PlaceToEat.release.xcconfig */;
			buildSettings = {
				ASSETCATALOG_COMPILER_APPICON_NAME = AppIcon;
				ASSETCATALOG_COMPILER_GLOBAL_ACCENT_COLOR_NAME = AccentColor;
				CODE_SIGN_STYLE = Automatic;
				CURRENT_PROJECT_VERSION = 1;
				DEVELOPMENT_TEAM = 59WWFG63NN;
				GENERATE_INFOPLIST_FILE = YES;
				INFOPLIST_FILE = PlaceToEat/Info.plist;
				INFOPLIST_KEY_UIApplicationSupportsIndirectInputEvents = YES;
				INFOPLIST_KEY_UILaunchStoryboardName = LaunchScreen;
				INFOPLIST_KEY_UIMainStoryboardFile = Main;
				INFOPLIST_KEY_UISupportedInterfaceOrientations = UIInterfaceOrientationPortrait;
				INFOPLIST_KEY_UISupportedInterfaceOrientations_iPad = "UIInterfaceOrientationPortrait UIInterfaceOrientationPortraitUpsideDown UIInterfaceOrientationLandscapeLeft UIInterfaceOrientationLandscapeRight";
				INFOPLIST_KEY_UISupportedInterfaceOrientations_iPhone = "UIInterfaceOrientationPortrait UIInterfaceOrientationLandscapeLeft UIInterfaceOrientationLandscapeRight";
				IPHONEOS_DEPLOYMENT_TARGET = 14.2;
				LD_RUNPATH_SEARCH_PATHS = (
					"$(inherited)",
					"@executable_path/Frameworks",
				);
				MARKETING_VERSION = 1.0;
				PRODUCT_BUNDLE_IDENTIFIER = ART.PlaceToEat;
				PRODUCT_NAME = "$(TARGET_NAME)";
				SWIFT_EMIT_LOC_STRINGS = YES;
				SWIFT_VERSION = 5.0;
				TARGETED_DEVICE_FAMILY = 1;
			};
			name = Release;
		};
/* End XCBuildConfiguration section */

/* Begin XCConfigurationList section */
		86DAC1A7289121C70074A526 /* Build configuration list for PBXProject "PlaceToEat" */ = {
			isa = XCConfigurationList;
			buildConfigurations = (
				86DAC1BE289121C80074A526 /* Debug */,
				86DAC1BF289121C80074A526 /* Release */,
			);
			defaultConfigurationIsVisible = 0;
			defaultConfigurationName = Release;
		};
		86DAC1C0289121C80074A526 /* Build configuration list for PBXNativeTarget "PlaceToEat" */ = {
			isa = XCConfigurationList;
			buildConfigurations = (
				86DAC1C1289121C80074A526 /* Debug */,
				86DAC1C2289121C80074A526 /* Release */,
			);
			defaultConfigurationIsVisible = 0;
			defaultConfigurationName = Release;
		};
/* End XCConfigurationList section */
	};
	rootObject = 86DAC1A4289121C70074A526 /* Project object */;
}
